{
  "name": "shortener",
  "version": "1.0.0",
  "lockfileVersion": 1,
  "requires": true,
  "dependencies": {
    "nanoid": {
      "version": "3.0.0",
      "resolved": "https://registry.npmjs.org/nanoid/-/nanoid-3.0.0.tgz",
      "integrity": "sha512-5lU+F2QpTW1JLwlXxnu2/jkpTipIuYZL3Za6TQzM16HYDzZQqlthbXYSW0H2KzZu1UQPGHDPbCl1TS3xOKfqEQ=="
    }
  }
}
